
Microsoft Visual Studio Solution File, Format Version 12.00
# Visual Studio 2015
Project("{FAE04EC0-301F-11D3-BF4B-00C04F79EFBC}") = "MinionsAreStupid", "MinionsAreStupid.csproj", "{72A699B2-DCD7-F80B-A873-D19B35DC4B21}"
EndProject
Project("{FAE04EC0-301F-11D3-BF4B-00C04F79EFBC}") = "MinionsAreStupid.Editor", "MinionsAreStupid.Editor.csproj", "{7185C246-DA1C-940D-1A88-AE618C072891}"
EndProject
Global
	GlobalSection(SolutionConfigurationPlatforms) = preSolution
		Debug|Any CPU = Debug|Any CPU
		Release|Any CPU = Release|Any CPU
	EndGlobalSection
	GlobalSection(ProjectConfigurationPlatforms) = postSolution
		{72A699B2-DCD7-F80B-A873-D19B35DC4B21}.Debug|Any CPU.ActiveCfg = Debug|Any CPU
		{72A699B2-DCD7-F80B-A873-D19B35DC4B21}.Debug|Any CPU.Build.0 = Debug|Any CPU
		{72A699B2-DCD7-F80B-A873-D19B35DC4B21}.Release|Any CPU.ActiveCfg = Release|Any CPU
		{72A699B2-DCD7-F80B-A873-D19B35DC4B21}.Release|Any CPU.Build.0 = Release|Any CPU
		{7185C246-DA1C-940D-1A88-AE618C072891}.Debug|Any CPU.ActiveCfg = Debug|Any CPU
		{7185C246-DA1C-940D-1A88-AE618C072891}.Debug|Any CPU.Build.0 = Debug|Any CPU
		{7185C246-DA1C-940D-1A88-AE618C072891}.Release|Any CPU.ActiveCfg = Release|Any CPU
		{7185C246-DA1C-940D-1A88-AE618C072891}.Release|Any CPU.Build.0 = Release|Any CPU
	EndGlobalSection
	GlobalSection(SolutionProperties) = preSolution
		HideSolutionNode = FALSE
	EndGlobalSection
EndGlobal
